
Microsoft Visual Studio Solution File, Format Version 12.00
# Visual Studio Version 16
VisualStudioVersion = 16.0.32126.315
MinimumVisualStudioVersion = 10.0.40219.1
Project("{FAE04EC0-301F-11D3-BF4B-00C04F79EFBC}") = "IQuittable_Project", "IQuittable_Project\IQuittable_Project.csproj", "{7D7A8B3C-281E-445E-B6DA-63E9D845385B}"
EndProject
Global
	GlobalSection(SolutionConfigurationPlatforms) = preSolution
		Debug|Any CPU = Debug|Any CPU
		Release|Any CPU = Release|Any CPU
	EndGlobalSection
	GlobalSection(ProjectConfigurationPlatforms) = postSolution
		{7D7A8B3C-281E-445E-B6DA-63E9D845385B}.Debug|Any CPU.ActiveCfg = Debug|Any CPU
		{7D7A8B3C-281E-445E-B6DA-63E9D845385B}.Debug|Any CPU.Build.0 = Debug|Any CPU
		{7D7A8B3C-281E-445E-B6DA-63E9D845385B}.Release|Any CPU.ActiveCfg = Release|Any CPU
		{7D7A8B3C-281E-445E-B6DA-63E9D845385B}.Release|Any CPU.Build.0 = Release|Any CPU
	EndGlobalSection
	GlobalSection(SolutionProperties) = preSolution
		HideSolutionNode = FALSE
	EndGlobalSection
	GlobalSection(ExtensibilityGlobals) = postSolution
		SolutionGuid = {769A2B1D-174B-4316-B180-22F5B81F793F}
	EndGlobalSection
EndGlobal
